{
  "version": 4,
  "terraform_version": "1.4.4",
  "serial": 356,
  "lineage": "a0bf4fec-5c0b-576f-7bf1-9097b256e3b4",
  "outputs": {
    "ShellInstaller": {
      "value": "#! /bin/bash\nyum update -y\nyum install -y httpd\n#yum install -y mysql\n#export MYSQL_HOST=wordpressdb.cfxadmqkorqg.us-east-1.rds.amazonaws.com\n#mysql --user=admin --password=Couchbase123 wordpress  --execute='CREATE USER 'wordpress' IDENTIFIED BY 'Wordpress-Pawrd'; GRANT ALL PRIVILEGES ON wordpress.* TO wordpress; FLUSH PRIVILEGES;'\namazon-linux-extras install -y lamp-mariadb10.2-php7.2 php7.2\nsystemctl start httpd\nsystemctl enable httpd\nusermod -a -G apache ec2-user\nchown -R ec2-user:apache /var/www\nwget https://wordpress.org/latest.tar.gz\ntar -xzf latest.tar.gz\ncp -r wordpress/* /var/www/html/\nservice httpd restart\n",
      "type": "string"
    },
    "wp-config": {
      "value": "\u003c?php\r\n/**\r\n * The base configuration for WordPress\r\n *\r\n * The wp-config.php creation script uses this file during the installation.\r\n * You don't have to use the web site, you can copy this file to \"wp-config.php\"\r\n * and fill in the values.\r\n *\r\n * This file contains the following configurations:\r\n *\r\n * * Database settings\r\n * * Secret keys\r\n * * Database table prefix\r\n * * ABSPATH\r\n *\r\n * @link https://wordpress.org/documentation/article/editing-wp-config-php/\r\n *\r\n * @package WordPress\r\n */\r\n\r\n// ** Database settings - You can get this info from your web host ** //\r\n/** The name of the database for WordPress */\r\ndefine( 'DB_NAME', 'wordpress' );\r\n\r\n/** Database username */\r\ndefine( 'DB_USER', 'wordpress' );\r\n\r\n/** Database password */\r\ndefine( 'DB_PASSWORD', 'Wordpress-Pawrd' );\r\n\r\n/** Database hostname */\r\ndefine( 'DB_HOST', 'wordpressdb.cfxadmqkorqg.us-east-1.rds.amazonaws.com' );\r\n\r\n/** Database charset to use in creating database tables. */\r\ndefine( 'DB_CHARSET', 'utf8' );\r\n\r\n/** The database collate type. Don't change this if in doubt. */\r\ndefine( 'DB_COLLATE', '' );\r\n\r\n/**#@+\r\n * Authentication unique keys and salts.\r\n *\r\n * Change these to different unique phrases! You can generate these using\r\n * the {@link https://api.wordpress.org/secret-key/1.1/salt/ WordPress.org secret-key service}.\r\n *\r\n * You can change these at any point in time to invalidate all existing cookies.\r\n * This will force all users to have to log in again.\r\n *\r\n * @since 2.6.0\r\n */\r\ndefine( 'AUTH_KEY',         'T=nTb6vIWD*(n:i$87y]gW-p91O)bK' );\r\ndefine( 'SECURE_AUTH_KEY',  'rz8}(\u0026My$BoB7?4]S2=]TC-3c]%D(2' );\r\ndefine( 'LOGGED_IN_KEY',    '5\u0026niq#aBTtew#9X7q4=d\u003cE5eHrd*Hh' );\r\ndefine( 'NONCE_KEY',        'S3[\u003evuo]iqe330{ge5%YjP_KlQ$pE4' );\r\ndefine( 'AUTH_SALT',        'Q_u$C4A6rLRAlEs]{[+FFkRHD_3S)I' );\r\ndefine( 'SECURE_AUTH_SALT', 'Eu0p2xw_7TnE\u003e\u003eITd$n\u003cmpU+@TFzDD' );\r\ndefine( 'LOGGED_IN_SALT',   'hH:N5!]p*3POUAI8pv\u003c?Jd)GeMdMEo' );\r\ndefine( 'NONCE_SALT',       '2e9k}}Gj\u003cdsnxlDE:cJz}UjmFzdh$w' );\r\n\r\n/**#@-*/\r\n\r\n/**\r\n * WordPress database table prefix.\r\n *\r\n * You can have multiple installations in one database if you give each\r\n * a unique prefix. Only numbers, letters, and underscores please!\r\n */\r\n$table_prefix = 'wp_';\r\n\r\n/**\r\n * For developers: WordPress debugging mode.\r\n *\r\n * Change this to true to enable the display of notices during development.\r\n * It is strongly recommended that plugin and theme developers use WP_DEBUG\r\n * in their development environments.\r\n *\r\n * For information on other constants that can be used for debugging,\r\n * visit the documentation.\r\n *\r\n * @link https://wordpress.org/documentation/article/debugging-in-wordpress/\r\n */\r\ndefine( 'WP_DEBUG', false );\r\n\r\n/* Add any custom values between this line and the \"stop editing\" line. */\r\n\r\n\r\n\r\n/* That's all, stop editing! Happy publishing. */\r\n\r\n/** Absolute path to the WordPress directory. */\r\nif ( ! defined( 'ABSPATH' ) ) {\r\n\tdefine( 'ABSPATH', __DIR__ . '/' );\r\n}\r\n\r\n/** Sets up WordPress vars and included files. */\r\nrequire_once ABSPATH . 'wp-settings.php';\r\n",
      "type": "string"
    }
  },
  "resources": [
    {
      "mode": "managed",
      "type": "aws_db_instance",
      "name": "WordpressDB",
      "provider": "provider[\"registry.terraform.io/hashicorp/aws\"]",
      "instances": [
        {
          "schema_version": 2,
          "attributes": {
            "address": "wordpressdb.cfxadmqkorqg.us-east-1.rds.amazonaws.com",
            "allocated_storage": 20,
            "allow_major_version_upgrade": null,
            "apply_immediately": false,
            "arn": "arn:aws:rds:us-east-1:069257086678:db:wordpressdb",
            "auto_minor_version_upgrade": true,
            "availability_zone": "us-east-1b",
            "backup_retention_period": 0,
            "backup_window": "05:56-06:26",
            "blue_green_update": [],
            "ca_cert_identifier": "rds-ca-2019",
            "character_set_name": "",
            "copy_tags_to_snapshot": false,
            "custom_iam_instance_profile": "",
            "customer_owned_ip_enabled": false,
            "db_name": "wordpress",
            "db_subnet_group_name": "rdssubnetgroup",
            "delete_automated_backups": true,
            "deletion_protection": false,
            "domain": "",
            "domain_iam_role_name": "",
            "enabled_cloudwatch_logs_exports": [],
            "endpoint": "wordpressdb.cfxadmqkorqg.us-east-1.rds.amazonaws.com:3306",
            "engine": "mysql",
            "engine_version": "8.0.32",
            "engine_version_actual": "8.0.32",
            "final_snapshot_identifier": null,
            "hosted_zone_id": "Z2R2ITUGPM61AM",
            "iam_database_authentication_enabled": false,
            "id": "db-PGUTFETGQO4UPJNXOHXFXXINLE",
            "identifier": "wordpressdb",
            "identifier_prefix": "",
            "instance_class": "db.t2.micro",
            "iops": 0,
            "kms_key_id": "",
            "latest_restorable_time": "",
            "license_model": "general-public-license",
            "listener_endpoint": [],
            "maintenance_window": "thu:04:08-thu:04:38",
            "manage_master_user_password": null,
            "master_user_secret": [],
            "master_user_secret_kms_key_id": null,
            "max_allocated_storage": 0,
            "monitoring_interval": 0,
            "monitoring_role_arn": "",
            "multi_az": false,
            "nchar_character_set_name": "",
            "network_type": "IPV4",
            "option_group_name": "default:mysql-8-0",
            "parameter_group_name": "default.mysql8.0",
            "password": "Couchbase123",
            "performance_insights_enabled": false,
            "performance_insights_kms_key_id": "",
            "performance_insights_retention_period": 0,
            "port": 3306,
            "publicly_accessible": false,
            "replica_mode": "",
            "replicas": [],
            "replicate_source_db": "",
            "resource_id": "db-PGUTFETGQO4UPJNXOHXFXXINLE",
            "restore_to_point_in_time": [],
            "s3_import": [],
            "skip_final_snapshot": true,
            "snapshot_identifier": null,
            "status": "available",
            "storage_encrypted": false,
            "storage_throughput": 0,
            "storage_type": "gp2",
            "tags": {
              "Name": "WordpressDB"
            },
            "tags_all": {
              "Name": "WordpressDB"
            },
            "timeouts": null,
            "timezone": "",
            "username": "admin",
            "vpc_security_group_ids": [
              "sg-0510ffe6bbf118b8d"
            ]
          },
          "sensitive_attributes": [],
          "private": "eyJlMmJmYjczMC1lY2FhLTExZTYtOGY4OC0zNDM2M2JjN2M0YzAiOnsiY3JlYXRlIjoyNDAwMDAwMDAwMDAwLCJkZWxldGUiOjM2MDAwMDAwMDAwMDAsInVwZGF0ZSI6NDgwMDAwMDAwMDAwMH0sInNjaGVtYV92ZXJzaW9uIjoiMiJ9",
          "dependencies": [
            "aws_db_subnet_group.RDS-subnet-group",
            "aws_security_group.RDS-SecurityGroup",
            "aws_security_group.WordpressServerSG",
            "aws_subnet.DB2Subnet",
            "aws_subnet.DBSubnet",
            "aws_vpc.WordpressVPC"
          ]
        }
      ]
    },
    {
      "mode": "managed",
      "type": "aws_db_subnet_group",
      "name": "RDS-subnet-group",
      "provider": "provider[\"registry.terraform.io/hashicorp/aws\"]",
      "instances": [
        {
          "schema_version": 0,
          "attributes": {
            "arn": "arn:aws:rds:us-east-1:069257086678:subgrp:rdssubnetgroup",
            "description": "RDS Subnet Group",
            "id": "rdssubnetgroup",
            "name": "rdssubnetgroup",
            "name_prefix": "",
            "subnet_ids": [
              "subnet-07d346a7da6c01ee5",
              "subnet-0eecb6ab4d4c549cb"
            ],
            "supported_network_types": [
              "IPV4"
            ],
            "tags": {},
            "tags_all": {},
            "vpc_id": "vpc-04077f5b38e16f5b2"
          },
          "sensitive_attributes": [],
          "private": "bnVsbA==",
          "dependencies": [
            "aws_subnet.DB2Subnet",
            "aws_subnet.DBSubnet",
            "aws_vpc.WordpressVPC"
          ]
        }
      ]
    },
    {
      "mode": "managed",
      "type": "aws_instance",
      "name": "WebServer",
      "provider": "provider[\"registry.terraform.io/hashicorp/aws\"]",
      "instances": [
        {
          "schema_version": 1,
          "attributes": {
            "ami": "ami-090e0fc566929d98b",
            "arn": "arn:aws:ec2:us-east-1:069257086678:instance/i-0efad54dd6cf4d652",
            "associate_public_ip_address": true,
            "availability_zone": "us-east-1a",
            "capacity_reservation_specification": [
              {
                "capacity_reservation_preference": "open",
                "capacity_reservation_target": []
              }
            ],
            "cpu_core_count": 1,
            "cpu_options": [
              {
                "amd_sev_snp": "",
                "core_count": 1,
                "threads_per_core": 1
              }
            ],
            "cpu_threads_per_core": 1,
            "credit_specification": [
              {
                "cpu_credits": "standard"
              }
            ],
            "disable_api_stop": false,
            "disable_api_termination": false,
            "ebs_block_device": [],
            "ebs_optimized": false,
            "enclave_options": [
              {
                "enabled": false
              }
            ],
            "ephemeral_block_device": [],
            "get_password_data": false,
            "hibernation": false,
            "host_id": "",
            "host_resource_group_arn": null,
            "iam_instance_profile": "",
            "id": "i-0efad54dd6cf4d652",
            "instance_initiated_shutdown_behavior": "stop",
            "instance_lifecycle": "",
            "instance_market_options": [],
            "instance_state": "running",
            "instance_type": "t2.micro",
            "ipv6_address_count": 0,
            "ipv6_addresses": [],
            "key_name": "AWSWordpressKey",
            "launch_template": [],
            "maintenance_options": [
              {
                "auto_recovery": "default"
              }
            ],
            "metadata_options": [
              {
                "http_endpoint": "enabled",
                "http_put_response_hop_limit": 1,
                "http_tokens": "optional",
                "instance_metadata_tags": "disabled"
              }
            ],
            "monitoring": false,
            "network_interface": [],
            "outpost_arn": "",
            "password_data": "",
            "placement_group": "",
            "placement_partition_number": 0,
            "primary_network_interface_id": "eni-0e534bd895da46e49",
            "private_dns": "ip-10-0-1-41.ec2.internal",
            "private_dns_name_options": [
              {
                "enable_resource_name_dns_a_record": false,
                "enable_resource_name_dns_aaaa_record": false,
                "hostname_type": "ip-name"
              }
            ],
            "private_ip": "10.0.1.41",
            "public_dns": "",
            "public_ip": "3.235.18.13",
            "root_block_device": [
              {
                "delete_on_termination": true,
                "device_name": "/dev/xvda",
                "encrypted": false,
                "iops": 100,
                "kms_key_id": "",
                "tags": {},
                "throughput": 0,
                "volume_id": "vol-059b5441fb8347c43",
                "volume_size": 8,
                "volume_type": "gp2"
              }
            ],
            "secondary_private_ips": [],
            "security_groups": [],
            "source_dest_check": true,
            "spot_instance_request_id": "",
            "subnet_id": "subnet-05ec264279b510b69",
            "tags": {
              "Name": "WordpressServer"
            },
            "tags_all": {
              "Name": "WordpressServer"
            },
            "tenancy": "default",
            "timeouts": null,
            "user_data": "9657d5d81b87a4bf4094f0bdc73d5b6106925d9b",
            "user_data_base64": null,
            "user_data_replace_on_change": false,
            "volume_tags": null,
            "vpc_security_group_ids": [
              "sg-08f252633e010248d"
            ]
          },
          "sensitive_attributes": [],
          "private": "eyJlMmJmYjczMC1lY2FhLTExZTYtOGY4OC0zNDM2M2JjN2M0YzAiOnsiY3JlYXRlIjo2MDAwMDAwMDAwMDAsImRlbGV0ZSI6MTIwMDAwMDAwMDAwMCwidXBkYXRlIjo2MDAwMDAwMDAwMDB9LCJzY2hlbWFfdmVyc2lvbiI6IjEifQ==",
          "dependencies": [
            "aws_db_instance.WordpressDB",
            "aws_key_pair.AWSWordpressKey",
            "aws_security_group.WordpressServerSG",
            "aws_subnet.PublicSubnet",
            "template_file.ShellInstaller",
            "template_file.mysqlscript",
            "template_file.wp-config",
            "tls_private_key.WordpressKey"
          ]
        }
      ]
    },
    {
      "mode": "managed",
      "type": "aws_internet_gateway",
      "name": "WordpressIGW",
      "provider": "provider[\"registry.terraform.io/hashicorp/aws\"]",
      "instances": [
        {
          "schema_version": 0,
          "attributes": {
            "arn": "arn:aws:ec2:us-east-1:069257086678:internet-gateway/igw-02c2353679a217d70",
            "id": "igw-02c2353679a217d70",
            "owner_id": "069257086678",
            "tags": {
              "Name": "WordpressIGW"
            },
            "tags_all": {
              "Name": "WordpressIGW"
            },
            "timeouts": null,
            "vpc_id": "vpc-04077f5b38e16f5b2"
          },
          "sensitive_attributes": [],
          "private": "eyJlMmJmYjczMC1lY2FhLTExZTYtOGY4OC0zNDM2M2JjN2M0YzAiOnsiY3JlYXRlIjoxMjAwMDAwMDAwMDAwLCJkZWxldGUiOjEyMDAwMDAwMDAwMDAsInVwZGF0ZSI6MTIwMDAwMDAwMDAwMH19",
          "dependencies": [
            "aws_vpc.WordpressVPC"
          ]
        }
      ]
    },
    {
      "mode": "managed",
      "type": "aws_key_pair",
      "name": "AWSWordpressKey",
      "provider": "provider[\"registry.terraform.io/hashicorp/aws\"]",
      "instances": [
        {
          "schema_version": 1,
          "attributes": {
            "arn": "arn:aws:ec2:us-east-1:069257086678:key-pair/AWSWordpressKey",
            "fingerprint": "58:85:8e:3e:3a:4b:83:4c:6e:f9:31:dd:da:29:57:6b",
            "id": "AWSWordpressKey",
            "key_name": "AWSWordpressKey",
            "key_name_prefix": "",
            "key_pair_id": "key-0a91cbafb530320a8",
            "key_type": "rsa",
            "public_key": "ssh-rsa AAAAB3NzaC1yc2EAAAADAQABAAACAQCquN3zLL/utcb9/br08PdLNi/h1rDxljpSlW9FKSP2tbCrBuiv54U6TTxQp8EyG9v8ALddHzhtdj6YirgWMezq8wNNovnxB9egdQDc87U8C7TFGk8ZmDnadbGs6LzYnaeUS8fMG4C2JjWUkzSVNcbJKJWbBsX+7udKc8v0dst+8hDJ4PqqG0FuRgWKQsfMjOn0iA1++VlaWCO6JAhAbuG5YQSJmKCL1uy+UbvZ1l9Zq/o9LgVUjqpnxCoFwoWQCpxiyvJ+bHY1xFtXQ6h6+CAQI+rlsiJgP7jgds+boz3Ku5Oilk05b2qfY7dmNlpr6nlVWsGIkqrpv1Tn1vYrDmCeIbfFlKC46SXBs8v8Vi07TIwI028Uj1Q+pK/mT58+29fFt0ifHT/8IKIA8W6/OFXK+XiHvNM3AVqX0G0uNvxoR+jpiB3Mhy8PtEIrBz9oWm0W1rCAlInj18qOapOVDYn1inpsmee53VcpHQa7A5E4EWbPL3jfwZ1V4foCmFoa0crWMomL/nsHc7xNLLBLA8hFbebgZAnttDhxwRobVt9YSt2fNCWCh96aAKx+thzXJnIBD328c2/pQbJmtU/eA8oUUWiBv++OayZpuOg6oiEGrjc8mTJ7+KKtXMANFxWSetTJDaLkKkVfBtNb7Al+AjPcrW3tY7r7GPMSWVZcZ7w/Aw==",
            "tags": {},
            "tags_all": {}
          },
          "sensitive_attributes": [],
          "private": "eyJzY2hlbWFfdmVyc2lvbiI6IjEifQ==",
          "dependencies": [
            "tls_private_key.WordpressKey"
          ]
        }
      ]
    },
    {
      "mode": "managed",
      "type": "aws_route_table",
      "name": "PublicRouteTable",
      "provider": "provider[\"registry.terraform.io/hashicorp/aws\"]",
      "instances": [
        {
          "schema_version": 0,
          "attributes": {
            "arn": "arn:aws:ec2:us-east-1:069257086678:route-table/rtb-0b8328a9ed0f851f0",
            "id": "rtb-0b8328a9ed0f851f0",
            "owner_id": "069257086678",
            "propagating_vgws": [],
            "route": [
              {
                "carrier_gateway_id": "",
                "cidr_block": "0.0.0.0/0",
                "core_network_arn": "",
                "destination_prefix_list_id": "",
                "egress_only_gateway_id": "",
                "gateway_id": "igw-02c2353679a217d70",
                "ipv6_cidr_block": "",
                "local_gateway_id": "",
                "nat_gateway_id": "",
                "network_interface_id": "",
                "transit_gateway_id": "",
                "vpc_endpoint_id": "",
                "vpc_peering_connection_id": ""
              }
            ],
            "tags": {
              "Name": "PublicRouteTable"
            },
            "tags_all": {
              "Name": "PublicRouteTable"
            },
            "timeouts": null,
            "vpc_id": "vpc-04077f5b38e16f5b2"
          },
          "sensitive_attributes": [],
          "private": "eyJlMmJmYjczMC1lY2FhLTExZTYtOGY4OC0zNDM2M2JjN2M0YzAiOnsiY3JlYXRlIjozMDAwMDAwMDAwMDAsImRlbGV0ZSI6MzAwMDAwMDAwMDAwLCJ1cGRhdGUiOjEyMDAwMDAwMDAwMH19",
          "dependencies": [
            "aws_internet_gateway.WordpressIGW",
            "aws_vpc.WordpressVPC"
          ]
        }
      ]
    },
    {
      "mode": "managed",
      "type": "aws_route_table_association",
      "name": "PublicSubnetRouteAsso",
      "provider": "provider[\"registry.terraform.io/hashicorp/aws\"]",
      "instances": [
        {
          "schema_version": 0,
          "attributes": {
            "gateway_id": "",
            "id": "rtbassoc-0184eed3aca00645a",
            "route_table_id": "rtb-0b8328a9ed0f851f0",
            "subnet_id": "subnet-05ec264279b510b69",
            "timeouts": null
          },
          "sensitive_attributes": [],
          "private": "eyJlMmJmYjczMC1lY2FhLTExZTYtOGY4OC0zNDM2M2JjN2M0YzAiOnsiY3JlYXRlIjozMDAwMDAwMDAwMDAsImRlbGV0ZSI6MzAwMDAwMDAwMDAwLCJ1cGRhdGUiOjEyMDAwMDAwMDAwMH19",
          "dependencies": [
            "aws_internet_gateway.WordpressIGW",
            "aws_route_table.PublicRouteTable",
            "aws_subnet.PublicSubnet",
            "aws_vpc.WordpressVPC"
          ]
        }
      ]
    },
    {
      "mode": "managed",
      "type": "aws_security_group",
      "name": "RDS-SecurityGroup",
      "provider": "provider[\"registry.terraform.io/hashicorp/aws\"]",
      "instances": [
        {
          "schema_version": 1,
          "attributes": {
            "arn": "arn:aws:ec2:us-east-1:069257086678:security-group/sg-0510ffe6bbf118b8d",
            "description": "Managed by Terraform",
            "egress": [
              {
                "cidr_blocks": [
                  "0.0.0.0/0"
                ],
                "description": "",
                "from_port": 0,
                "ipv6_cidr_blocks": [],
                "prefix_list_ids": [],
                "protocol": "-1",
                "security_groups": [],
                "self": false,
                "to_port": 0
              }
            ],
            "id": "sg-0510ffe6bbf118b8d",
            "ingress": [
              {
                "cidr_blocks": [],
                "description": "",
                "from_port": 0,
                "ipv6_cidr_blocks": [],
                "prefix_list_ids": [],
                "protocol": "tcp",
                "security_groups": [
                  "sg-08f252633e010248d"
                ],
                "self": false,
                "to_port": 3306
              }
            ],
            "name": "terraform-20230703220834148500000002",
            "name_prefix": "terraform-",
            "owner_id": "069257086678",
            "revoke_rules_on_delete": false,
            "tags": {
              "Name": "RDS-SecurityGroup"
            },
            "tags_all": {
              "Name": "RDS-SecurityGroup"
            },
            "timeouts": null,
            "vpc_id": "vpc-04077f5b38e16f5b2"
          },
          "sensitive_attributes": [],
          "private": "eyJlMmJmYjczMC1lY2FhLTExZTYtOGY4OC0zNDM2M2JjN2M0YzAiOnsiY3JlYXRlIjo2MDAwMDAwMDAwMDAsImRlbGV0ZSI6OTAwMDAwMDAwMDAwfSwic2NoZW1hX3ZlcnNpb24iOiIxIn0=",
          "dependencies": [
            "aws_security_group.WordpressServerSG",
            "aws_vpc.WordpressVPC"
          ]
        }
      ]
    },
    {
      "mode": "managed",
      "type": "aws_security_group",
      "name": "WordpressServerSG",
      "provider": "provider[\"registry.terraform.io/hashicorp/aws\"]",
      "instances": [
        {
          "schema_version": 1,
          "attributes": {
            "arn": "arn:aws:ec2:us-east-1:069257086678:security-group/sg-08f252633e010248d",
            "description": "Managed by Terraform",
            "egress": [
              {
                "cidr_blocks": [
                  "0.0.0.0/0"
                ],
                "description": "",
                "from_port": 0,
                "ipv6_cidr_blocks": [],
                "prefix_list_ids": [],
                "protocol": "-1",
                "security_groups": [],
                "self": false,
                "to_port": 0
              }
            ],
            "id": "sg-08f252633e010248d",
            "ingress": [
              {
                "cidr_blocks": [
                  "0.0.0.0/0"
                ],
                "description": "",
                "from_port": 0,
                "ipv6_cidr_blocks": [],
                "prefix_list_ids": [],
                "protocol": "tcp",
                "security_groups": [],
                "self": false,
                "to_port": 22
              },
              {
                "cidr_blocks": [
                  "0.0.0.0/0"
                ],
                "description": "",
                "from_port": 0,
                "ipv6_cidr_blocks": [],
                "prefix_list_ids": [],
                "protocol": "tcp",
                "security_groups": [],
                "self": false,
                "to_port": 80
              }
            ],
            "name": "terraform-20230703220831910400000001",
            "name_prefix": "terraform-",
            "owner_id": "069257086678",
            "revoke_rules_on_delete": false,
            "tags": {
              "Name": "WordpressServerSG"
            },
            "tags_all": {
              "Name": "WordpressServerSG"
            },
            "timeouts": null,
            "vpc_id": "vpc-04077f5b38e16f5b2"
          },
          "sensitive_attributes": [],
          "private": "eyJlMmJmYjczMC1lY2FhLTExZTYtOGY4OC0zNDM2M2JjN2M0YzAiOnsiY3JlYXRlIjo2MDAwMDAwMDAwMDAsImRlbGV0ZSI6OTAwMDAwMDAwMDAwfSwic2NoZW1hX3ZlcnNpb24iOiIxIn0=",
          "dependencies": [
            "aws_vpc.WordpressVPC"
          ]
        }
      ]
    },
    {
      "mode": "managed",
      "type": "aws_subnet",
      "name": "DB2Subnet",
      "provider": "provider[\"registry.terraform.io/hashicorp/aws\"]",
      "instances": [
        {
          "schema_version": 1,
          "attributes": {
            "arn": "arn:aws:ec2:us-east-1:069257086678:subnet/subnet-0eecb6ab4d4c549cb",
            "assign_ipv6_address_on_creation": false,
            "availability_zone": "us-east-1b",
            "availability_zone_id": "use1-az2",
            "cidr_block": "10.0.12.0/24",
            "customer_owned_ipv4_pool": "",
            "enable_dns64": false,
            "enable_lni_at_device_index": 0,
            "enable_resource_name_dns_a_record_on_launch": false,
            "enable_resource_name_dns_aaaa_record_on_launch": false,
            "id": "subnet-0eecb6ab4d4c549cb",
            "ipv6_cidr_block": "",
            "ipv6_cidr_block_association_id": "",
            "ipv6_native": false,
            "map_customer_owned_ip_on_launch": false,
            "map_public_ip_on_launch": false,
            "outpost_arn": "",
            "owner_id": "069257086678",
            "private_dns_hostname_type_on_launch": "ip-name",
            "tags": {
              "Name": "DBSubnet"
            },
            "tags_all": {
              "Name": "DBSubnet"
            },
            "timeouts": null,
            "vpc_id": "vpc-04077f5b38e16f5b2"
          },
          "sensitive_attributes": [],
          "private": "eyJlMmJmYjczMC1lY2FhLTExZTYtOGY4OC0zNDM2M2JjN2M0YzAiOnsiY3JlYXRlIjo2MDAwMDAwMDAwMDAsImRlbGV0ZSI6MTIwMDAwMDAwMDAwMH0sInNjaGVtYV92ZXJzaW9uIjoiMSJ9",
          "dependencies": [
            "aws_vpc.WordpressVPC"
          ]
        }
      ]
    },
    {
      "mode": "managed",
      "type": "aws_subnet",
      "name": "DBSubnet",
      "provider": "provider[\"registry.terraform.io/hashicorp/aws\"]",
      "instances": [
        {
          "schema_version": 1,
          "attributes": {
            "arn": "arn:aws:ec2:us-east-1:069257086678:subnet/subnet-07d346a7da6c01ee5",
            "assign_ipv6_address_on_creation": false,
            "availability_zone": "us-east-1a",
            "availability_zone_id": "use1-az1",
            "cidr_block": "10.0.11.0/24",
            "customer_owned_ipv4_pool": "",
            "enable_dns64": false,
            "enable_lni_at_device_index": 0,
            "enable_resource_name_dns_a_record_on_launch": false,
            "enable_resource_name_dns_aaaa_record_on_launch": false,
            "id": "subnet-07d346a7da6c01ee5",
            "ipv6_cidr_block": "",
            "ipv6_cidr_block_association_id": "",
            "ipv6_native": false,
            "map_customer_owned_ip_on_launch": false,
            "map_public_ip_on_launch": false,
            "outpost_arn": "",
            "owner_id": "069257086678",
            "private_dns_hostname_type_on_launch": "ip-name",
            "tags": {
              "Name": "DBSubnet"
            },
            "tags_all": {
              "Name": "DBSubnet"
            },
            "timeouts": null,
            "vpc_id": "vpc-04077f5b38e16f5b2"
          },
          "sensitive_attributes": [],
          "private": "eyJlMmJmYjczMC1lY2FhLTExZTYtOGY4OC0zNDM2M2JjN2M0YzAiOnsiY3JlYXRlIjo2MDAwMDAwMDAwMDAsImRlbGV0ZSI6MTIwMDAwMDAwMDAwMH0sInNjaGVtYV92ZXJzaW9uIjoiMSJ9",
          "dependencies": [
            "aws_vpc.WordpressVPC"
          ]
        }
      ]
    },
    {
      "mode": "managed",
      "type": "aws_subnet",
      "name": "PublicSubnet",
      "provider": "provider[\"registry.terraform.io/hashicorp/aws\"]",
      "instances": [
        {
          "schema_version": 1,
          "attributes": {
            "arn": "arn:aws:ec2:us-east-1:069257086678:subnet/subnet-05ec264279b510b69",
            "assign_ipv6_address_on_creation": false,
            "availability_zone": "us-east-1a",
            "availability_zone_id": "use1-az1",
            "cidr_block": "10.0.1.0/24",
            "customer_owned_ipv4_pool": "",
            "enable_dns64": false,
            "enable_lni_at_device_index": 0,
            "enable_resource_name_dns_a_record_on_launch": false,
            "enable_resource_name_dns_aaaa_record_on_launch": false,
            "id": "subnet-05ec264279b510b69",
            "ipv6_cidr_block": "",
            "ipv6_cidr_block_association_id": "",
            "ipv6_native": false,
            "map_customer_owned_ip_on_launch": false,
            "map_public_ip_on_launch": false,
            "outpost_arn": "",
            "owner_id": "069257086678",
            "private_dns_hostname_type_on_launch": "ip-name",
            "tags": {
              "Name": "PublicSubnet"
            },
            "tags_all": {
              "Name": "PublicSubnet"
            },
            "timeouts": null,
            "vpc_id": "vpc-04077f5b38e16f5b2"
          },
          "sensitive_attributes": [],
          "private": "eyJlMmJmYjczMC1lY2FhLTExZTYtOGY4OC0zNDM2M2JjN2M0YzAiOnsiY3JlYXRlIjo2MDAwMDAwMDAwMDAsImRlbGV0ZSI6MTIwMDAwMDAwMDAwMH0sInNjaGVtYV92ZXJzaW9uIjoiMSJ9",
          "dependencies": [
            "aws_vpc.WordpressVPC"
          ]
        }
      ]
    },
    {
      "mode": "managed",
      "type": "aws_vpc",
      "name": "WordpressVPC",
      "provider": "provider[\"registry.terraform.io/hashicorp/aws\"]",
      "instances": [
        {
          "schema_version": 1,
          "attributes": {
            "arn": "arn:aws:ec2:us-east-1:069257086678:vpc/vpc-04077f5b38e16f5b2",
            "assign_generated_ipv6_cidr_block": false,
            "cidr_block": "10.0.0.0/16",
            "default_network_acl_id": "acl-073237630587e6403",
            "default_route_table_id": "rtb-0e6399dd530d4bd05",
            "default_security_group_id": "sg-0293fb16e112183a1",
            "dhcp_options_id": "dopt-0ded75f982bc38dc4",
            "enable_dns_hostnames": false,
            "enable_dns_support": true,
            "enable_network_address_usage_metrics": false,
            "id": "vpc-04077f5b38e16f5b2",
            "instance_tenancy": "default",
            "ipv4_ipam_pool_id": null,
            "ipv4_netmask_length": null,
            "ipv6_association_id": "",
            "ipv6_cidr_block": "",
            "ipv6_cidr_block_network_border_group": "",
            "ipv6_ipam_pool_id": "",
            "ipv6_netmask_length": 0,
            "main_route_table_id": "rtb-0e6399dd530d4bd05",
            "owner_id": "069257086678",
            "tags": {
              "Name": "WordpressVPC"
            },
            "tags_all": {
              "Name": "WordpressVPC"
            }
          },
          "sensitive_attributes": [],
          "private": "eyJzY2hlbWFfdmVyc2lvbiI6IjEifQ=="
        }
      ]
    },
    {
      "mode": "managed",
      "type": "random_string",
      "name": "auth-key",
      "provider": "provider[\"registry.terraform.io/hashicorp/random\"]",
      "instances": [
        {
          "schema_version": 2,
          "attributes": {
            "id": "T=nTb6vIWD*(n:i$87y]gW-p91O)bK",
            "keepers": null,
            "length": 30,
            "lower": true,
            "min_lower": 0,
            "min_numeric": 0,
            "min_special": 0,
            "min_upper": 0,
            "number": true,
            "numeric": true,
            "override_special": null,
            "result": "T=nTb6vIWD*(n:i$87y]gW-p91O)bK",
            "special": true,
            "upper": true
          },
          "sensitive_attributes": []
        }
      ]
    },
    {
      "mode": "managed",
      "type": "random_string",
      "name": "auth-salt",
      "provider": "provider[\"registry.terraform.io/hashicorp/random\"]",
      "instances": [
        {
          "schema_version": 2,
          "attributes": {
            "id": "Q_u$C4A6rLRAlEs]{[+FFkRHD_3S)I",
            "keepers": null,
            "length": 30,
            "lower": true,
            "min_lower": 0,
            "min_numeric": 0,
            "min_special": 0,
            "min_upper": 0,
            "number": true,
            "numeric": true,
            "override_special": null,
            "result": "Q_u$C4A6rLRAlEs]{[+FFkRHD_3S)I",
            "special": true,
            "upper": true
          },
          "sensitive_attributes": []
        }
      ]
    },
    {
      "mode": "managed",
      "type": "random_string",
      "name": "logged-in-key",
      "provider": "provider[\"registry.terraform.io/hashicorp/random\"]",
      "instances": [
        {
          "schema_version": 2,
          "attributes": {
            "id": "5\u0026niq#aBTtew#9X7q4=d\u003cE5eHrd*Hh",
            "keepers": null,
            "length": 30,
            "lower": true,
            "min_lower": 0,
            "min_numeric": 0,
            "min_special": 0,
            "min_upper": 0,
            "number": true,
            "numeric": true,
            "override_special": null,
            "result": "5\u0026niq#aBTtew#9X7q4=d\u003cE5eHrd*Hh",
            "special": true,
            "upper": true
          },
          "sensitive_attributes": []
        }
      ]
    },
    {
      "mode": "managed",
      "type": "random_string",
      "name": "logged-in-salt",
      "provider": "provider[\"registry.terraform.io/hashicorp/random\"]",
      "instances": [
        {
          "schema_version": 2,
          "attributes": {
            "id": "hH:N5!]p*3POUAI8pv\u003c?Jd)GeMdMEo",
            "keepers": null,
            "length": 30,
            "lower": true,
            "min_lower": 0,
            "min_numeric": 0,
            "min_special": 0,
            "min_upper": 0,
            "number": true,
            "numeric": true,
            "override_special": null,
            "result": "hH:N5!]p*3POUAI8pv\u003c?Jd)GeMdMEo",
            "special": true,
            "upper": true
          },
          "sensitive_attributes": []
        }
      ]
    },
    {
      "mode": "managed",
      "type": "random_string",
      "name": "nonce-key",
      "provider": "provider[\"registry.terraform.io/hashicorp/random\"]",
      "instances": [
        {
          "schema_version": 2,
          "attributes": {
            "id": "S3[\u003evuo]iqe330{ge5%YjP_KlQ$pE4",
            "keepers": null,
            "length": 30,
            "lower": true,
            "min_lower": 0,
            "min_numeric": 0,
            "min_special": 0,
            "min_upper": 0,
            "number": true,
            "numeric": true,
            "override_special": null,
            "result": "S3[\u003evuo]iqe330{ge5%YjP_KlQ$pE4",
            "special": true,
            "upper": true
          },
          "sensitive_attributes": []
        }
      ]
    },
    {
      "mode": "managed",
      "type": "random_string",
      "name": "nonce-salt",
      "provider": "provider[\"registry.terraform.io/hashicorp/random\"]",
      "instances": [
        {
          "schema_version": 2,
          "attributes": {
            "id": "2e9k}}Gj\u003cdsnxlDE:cJz}UjmFzdh$w",
            "keepers": null,
            "length": 30,
            "lower": true,
            "min_lower": 0,
            "min_numeric": 0,
            "min_special": 0,
            "min_upper": 0,
            "number": true,
            "numeric": true,
            "override_special": null,
            "result": "2e9k}}Gj\u003cdsnxlDE:cJz}UjmFzdh$w",
            "special": true,
            "upper": true
          },
          "sensitive_attributes": []
        }
      ]
    },
    {
      "mode": "managed",
      "type": "random_string",
      "name": "secure-auth-key",
      "provider": "provider[\"registry.terraform.io/hashicorp/random\"]",
      "instances": [
        {
          "schema_version": 2,
          "attributes": {
            "id": "rz8}(\u0026My$BoB7?4]S2=]TC-3c]%D(2",
            "keepers": null,
            "length": 30,
            "lower": true,
            "min_lower": 0,
            "min_numeric": 0,
            "min_special": 0,
            "min_upper": 0,
            "number": true,
            "numeric": true,
            "override_special": null,
            "result": "rz8}(\u0026My$BoB7?4]S2=]TC-3c]%D(2",
            "special": true,
            "upper": true
          },
          "sensitive_attributes": []
        }
      ]
    },
    {
      "mode": "managed",
      "type": "random_string",
      "name": "secure-auth-salt",
      "provider": "provider[\"registry.terraform.io/hashicorp/random\"]",
      "instances": [
        {
          "schema_version": 2,
          "attributes": {
            "id": "Eu0p2xw_7TnE\u003e\u003eITd$n\u003cmpU+@TFzDD",
            "keepers": null,
            "length": 30,
            "lower": true,
            "min_lower": 0,
            "min_numeric": 0,
            "min_special": 0,
            "min_upper": 0,
            "number": true,
            "numeric": true,
            "override_special": null,
            "result": "Eu0p2xw_7TnE\u003e\u003eITd$n\u003cmpU+@TFzDD",
            "special": true,
            "upper": true
          },
          "sensitive_attributes": []
        }
      ]
    },
    {
      "mode": "managed",
      "type": "template_file",
      "name": "ShellInstaller",
      "provider": "provider[\"registry.terraform.io/hashicorp/template\"]",
      "instances": [
        {
          "schema_version": 0,
          "attributes": {
            "filename": null,
            "id": "f78e857b0c74c540a80c26256023409fd22641f3a44f934c09fb696ca5d2d2d5",
            "rendered": "#! /bin/bash\nyum update -y\nyum install -y httpd\n#yum install -y mysql\n#export MYSQL_HOST=wordpressdb.cfxadmqkorqg.us-east-1.rds.amazonaws.com\n#mysql --user=admin --password=Couchbase123 wordpress  --execute='CREATE USER 'wordpress' IDENTIFIED BY 'Wordpress-Pawrd'; GRANT ALL PRIVILEGES ON wordpress.* TO wordpress; FLUSH PRIVILEGES;'\namazon-linux-extras install -y lamp-mariadb10.2-php7.2 php7.2\nsystemctl start httpd\nsystemctl enable httpd\nusermod -a -G apache ec2-user\nchown -R ec2-user:apache /var/www\nwget https://wordpress.org/latest.tar.gz\ntar -xzf latest.tar.gz\ncp -r wordpress/* /var/www/html/\nservice httpd restart\n",
            "template": "#! /bin/bash\nyum update -y\nyum install -y httpd\n#yum install -y mysql\n#export MYSQL_HOST=${rds-endpoint}\n#mysql --user=${DBUser} --password=${DBPassword} wordpress  --execute='CREATE USER '${WP-DB-USER}' IDENTIFIED BY '${WP-DB-PASSWORD}'; GRANT ALL PRIVILEGES ON wordpress.* TO wordpress; FLUSH PRIVILEGES;'\namazon-linux-extras install -y lamp-mariadb10.2-php7.2 php7.2\nsystemctl start httpd\nsystemctl enable httpd\nusermod -a -G apache ec2-user\nchown -R ec2-user:apache /var/www\nwget https://wordpress.org/latest.tar.gz\ntar -xzf latest.tar.gz\ncp -r wordpress/* /var/www/html/\nservice httpd restart\n",
            "vars": {
              "DBPassword": "Couchbase123",
              "DBUser": "admin",
              "WP-DB-PASSWORD": "Wordpress-Pawrd",
              "WP-DB-USER": "wordpress",
              "rds-endpoint": "wordpressdb.cfxadmqkorqg.us-east-1.rds.amazonaws.com"
            }
          },
          "sensitive_attributes": [],
          "dependencies": [
            "aws_db_instance.WordpressDB",
            "aws_db_subnet_group.RDS-subnet-group",
            "aws_security_group.RDS-SecurityGroup",
            "aws_security_group.WordpressServerSG",
            "aws_subnet.DB2Subnet",
            "aws_subnet.DBSubnet",
            "aws_vpc.WordpressVPC"
          ]
        }
      ]
    },
    {
      "mode": "managed",
      "type": "template_file",
      "name": "mysqlscript",
      "provider": "provider[\"registry.terraform.io/hashicorp/template\"]",
      "instances": [
        {
          "schema_version": 0,
          "attributes": {
            "filename": null,
            "id": "1e868fc2461affb948a3006e27027922fd1e3d37f8b9529b4ca8b56d30eaf787",
            "rendered": "#! /bin/bash\r\nmysql -h wordpressdb.cfxadmqkorqg.us-east-1.rds.amazonaws.com --user=admin --password=Couchbase123 wordpress  --execute=\"CREATE USER 'wordpress' IDENTIFIED BY 'Wordpress-Pawrd'; GRANT ALL PRIVILEGES ON wordpress.* TO wordpress; FLUSH PRIVILEGES;\"",
            "template": "#! /bin/bash\r\nmysql -h ${rds-endpoint} --user=${DBUser} --password=${DBPassword} wordpress  --execute=\"CREATE USER '${WP-DB-USER}' IDENTIFIED BY '${WP-DB-PASSWORD}'; GRANT ALL PRIVILEGES ON wordpress.* TO wordpress; FLUSH PRIVILEGES;\"",
            "vars": {
              "DBPassword": "Couchbase123",
              "DBUser": "admin",
              "WP-DB-PASSWORD": "Wordpress-Pawrd",
              "WP-DB-USER": "wordpress",
              "rds-endpoint": "wordpressdb.cfxadmqkorqg.us-east-1.rds.amazonaws.com"
            }
          },
          "sensitive_attributes": [],
          "dependencies": [
            "aws_db_instance.WordpressDB",
            "aws_db_subnet_group.RDS-subnet-group",
            "aws_security_group.RDS-SecurityGroup",
            "aws_security_group.WordpressServerSG",
            "aws_subnet.DB2Subnet",
            "aws_subnet.DBSubnet",
            "aws_vpc.WordpressVPC"
          ]
        }
      ]
    },
    {
      "mode": "managed",
      "type": "template_file",
      "name": "wp-config",
      "provider": "provider[\"registry.terraform.io/hashicorp/template\"]",
      "instances": [
        {
          "schema_version": 0,
          "attributes": {
            "filename": null,
            "id": "7cffb3a6ded53edf7baff33c6ca8c7d75a8e95c71ac11b4f83e632aa9125cb9a",
            "rendered": "\u003c?php\r\n/**\r\n * The base configuration for WordPress\r\n *\r\n * The wp-config.php creation script uses this file during the installation.\r\n * You don't have to use the web site, you can copy this file to \"wp-config.php\"\r\n * and fill in the values.\r\n *\r\n * This file contains the following configurations:\r\n *\r\n * * Database settings\r\n * * Secret keys\r\n * * Database table prefix\r\n * * ABSPATH\r\n *\r\n * @link https://wordpress.org/documentation/article/editing-wp-config-php/\r\n *\r\n * @package WordPress\r\n */\r\n\r\n// ** Database settings - You can get this info from your web host ** //\r\n/** The name of the database for WordPress */\r\ndefine( 'DB_NAME', 'wordpress' );\r\n\r\n/** Database username */\r\ndefine( 'DB_USER', 'wordpress' );\r\n\r\n/** Database password */\r\ndefine( 'DB_PASSWORD', 'Wordpress-Pawrd' );\r\n\r\n/** Database hostname */\r\ndefine( 'DB_HOST', 'wordpressdb.cfxadmqkorqg.us-east-1.rds.amazonaws.com' );\r\n\r\n/** Database charset to use in creating database tables. */\r\ndefine( 'DB_CHARSET', 'utf8' );\r\n\r\n/** The database collate type. Don't change this if in doubt. */\r\ndefine( 'DB_COLLATE', '' );\r\n\r\n/**#@+\r\n * Authentication unique keys and salts.\r\n *\r\n * Change these to different unique phrases! You can generate these using\r\n * the {@link https://api.wordpress.org/secret-key/1.1/salt/ WordPress.org secret-key service}.\r\n *\r\n * You can change these at any point in time to invalidate all existing cookies.\r\n * This will force all users to have to log in again.\r\n *\r\n * @since 2.6.0\r\n */\r\ndefine( 'AUTH_KEY',         'T=nTb6vIWD*(n:i$87y]gW-p91O)bK' );\r\ndefine( 'SECURE_AUTH_KEY',  'rz8}(\u0026My$BoB7?4]S2=]TC-3c]%D(2' );\r\ndefine( 'LOGGED_IN_KEY',    '5\u0026niq#aBTtew#9X7q4=d\u003cE5eHrd*Hh' );\r\ndefine( 'NONCE_KEY',        'S3[\u003evuo]iqe330{ge5%YjP_KlQ$pE4' );\r\ndefine( 'AUTH_SALT',        'Q_u$C4A6rLRAlEs]{[+FFkRHD_3S)I' );\r\ndefine( 'SECURE_AUTH_SALT', 'Eu0p2xw_7TnE\u003e\u003eITd$n\u003cmpU+@TFzDD' );\r\ndefine( 'LOGGED_IN_SALT',   'hH:N5!]p*3POUAI8pv\u003c?Jd)GeMdMEo' );\r\ndefine( 'NONCE_SALT',       '2e9k}}Gj\u003cdsnxlDE:cJz}UjmFzdh$w' );\r\n\r\n/**#@-*/\r\n\r\n/**\r\n * WordPress database table prefix.\r\n *\r\n * You can have multiple installations in one database if you give each\r\n * a unique prefix. Only numbers, letters, and underscores please!\r\n */\r\n$table_prefix = 'wp_';\r\n\r\n/**\r\n * For developers: WordPress debugging mode.\r\n *\r\n * Change this to true to enable the display of notices during development.\r\n * It is strongly recommended that plugin and theme developers use WP_DEBUG\r\n * in their development environments.\r\n *\r\n * For information on other constants that can be used for debugging,\r\n * visit the documentation.\r\n *\r\n * @link https://wordpress.org/documentation/article/debugging-in-wordpress/\r\n */\r\ndefine( 'WP_DEBUG', false );\r\n\r\n/* Add any custom values between this line and the \"stop editing\" line. */\r\n\r\n\r\n\r\n/* That's all, stop editing! Happy publishing. */\r\n\r\n/** Absolute path to the WordPress directory. */\r\nif ( ! defined( 'ABSPATH' ) ) {\r\n\tdefine( 'ABSPATH', __DIR__ . '/' );\r\n}\r\n\r\n/** Sets up WordPress vars and included files. */\r\nrequire_once ABSPATH . 'wp-settings.php';\r\n",
            "template": "\u003c?php\r\n/**\r\n * The base configuration for WordPress\r\n *\r\n * The wp-config.php creation script uses this file during the installation.\r\n * You don't have to use the web site, you can copy this file to \"wp-config.php\"\r\n * and fill in the values.\r\n *\r\n * This file contains the following configurations:\r\n *\r\n * * Database settings\r\n * * Secret keys\r\n * * Database table prefix\r\n * * ABSPATH\r\n *\r\n * @link https://wordpress.org/documentation/article/editing-wp-config-php/\r\n *\r\n * @package WordPress\r\n */\r\n\r\n// ** Database settings - You can get this info from your web host ** //\r\n/** The name of the database for WordPress */\r\ndefine( 'DB_NAME', '${DB-name}' );\r\n\r\n/** Database username */\r\ndefine( 'DB_USER', '${DB-user}' );\r\n\r\n/** Database password */\r\ndefine( 'DB_PASSWORD', '${DB-password}' );\r\n\r\n/** Database hostname */\r\ndefine( 'DB_HOST', '${DB-endpoint}' );\r\n\r\n/** Database charset to use in creating database tables. */\r\ndefine( 'DB_CHARSET', 'utf8' );\r\n\r\n/** The database collate type. Don't change this if in doubt. */\r\ndefine( 'DB_COLLATE', '' );\r\n\r\n/**#@+\r\n * Authentication unique keys and salts.\r\n *\r\n * Change these to different unique phrases! You can generate these using\r\n * the {@link https://api.wordpress.org/secret-key/1.1/salt/ WordPress.org secret-key service}.\r\n *\r\n * You can change these at any point in time to invalidate all existing cookies.\r\n * This will force all users to have to log in again.\r\n *\r\n * @since 2.6.0\r\n */\r\ndefine( 'AUTH_KEY',         '${auth-key}' );\r\ndefine( 'SECURE_AUTH_KEY',  '${secure-auth-key}' );\r\ndefine( 'LOGGED_IN_KEY',    '${logged-in-key}' );\r\ndefine( 'NONCE_KEY',        '${nonce-key}' );\r\ndefine( 'AUTH_SALT',        '${auth-salt}' );\r\ndefine( 'SECURE_AUTH_SALT', '${secure-auth-salt}' );\r\ndefine( 'LOGGED_IN_SALT',   '${logged-in-salt}' );\r\ndefine( 'NONCE_SALT',       '${nonce-salt}' );\r\n\r\n/**#@-*/\r\n\r\n/**\r\n * WordPress database table prefix.\r\n *\r\n * You can have multiple installations in one database if you give each\r\n * a unique prefix. Only numbers, letters, and underscores please!\r\n */\r\n$table_prefix = 'wp_';\r\n\r\n/**\r\n * For developers: WordPress debugging mode.\r\n *\r\n * Change this to true to enable the display of notices during development.\r\n * It is strongly recommended that plugin and theme developers use WP_DEBUG\r\n * in their development environments.\r\n *\r\n * For information on other constants that can be used for debugging,\r\n * visit the documentation.\r\n *\r\n * @link https://wordpress.org/documentation/article/debugging-in-wordpress/\r\n */\r\ndefine( 'WP_DEBUG', false );\r\n\r\n/* Add any custom values between this line and the \"stop editing\" line. */\r\n\r\n\r\n\r\n/* That's all, stop editing! Happy publishing. */\r\n\r\n/** Absolute path to the WordPress directory. */\r\nif ( ! defined( 'ABSPATH' ) ) {\r\n\tdefine( 'ABSPATH', __DIR__ . '/' );\r\n}\r\n\r\n/** Sets up WordPress vars and included files. */\r\nrequire_once ABSPATH . 'wp-settings.php';\r\n",
            "vars": {
              "DB-endpoint": "wordpressdb.cfxadmqkorqg.us-east-1.rds.amazonaws.com",
              "DB-name": "wordpress",
              "DB-password": "Wordpress-Pawrd",
              "DB-user": "wordpress",
              "auth-key": "T=nTb6vIWD*(n:i$87y]gW-p91O)bK",
              "auth-salt": "Q_u$C4A6rLRAlEs]{[+FFkRHD_3S)I",
              "logged-in-key": "5\u0026niq#aBTtew#9X7q4=d\u003cE5eHrd*Hh",
              "logged-in-salt": "hH:N5!]p*3POUAI8pv\u003c?Jd)GeMdMEo",
              "nonce-key": "S3[\u003evuo]iqe330{ge5%YjP_KlQ$pE4",
              "nonce-salt": "2e9k}}Gj\u003cdsnxlDE:cJz}UjmFzdh$w",
              "secure-auth-key": "rz8}(\u0026My$BoB7?4]S2=]TC-3c]%D(2",
              "secure-auth-salt": "Eu0p2xw_7TnE\u003e\u003eITd$n\u003cmpU+@TFzDD"
            }
          },
          "sensitive_attributes": [],
          "dependencies": [
            "aws_db_instance.WordpressDB",
            "aws_db_subnet_group.RDS-subnet-group",
            "aws_security_group.RDS-SecurityGroup",
            "aws_security_group.WordpressServerSG",
            "aws_subnet.DB2Subnet",
            "aws_subnet.DBSubnet",
            "aws_vpc.WordpressVPC",
            "random_string.auth-key",
            "random_string.auth-salt",
            "random_string.logged-in-key",
            "random_string.logged-in-salt",
            "random_string.nonce-key",
            "random_string.nonce-salt",
            "random_string.secure-auth-key",
            "random_string.secure-auth-salt"
          ]
        }
      ]
    },
    {
      "mode": "managed",
      "type": "tls_private_key",
      "name": "WordpressKey",
      "provider": "provider[\"registry.terraform.io/hashicorp/tls\"]",
      "instances": [
        {
          "schema_version": 1,
          "attributes": {
            "algorithm": "RSA",
            "ecdsa_curve": "P224",
            "id": "aaccd0273039403e65ab6b97dc13c3e25ca87e76",
            "private_key_openssh": "-----BEGIN OPENSSH PRIVATE KEY-----\nb3BlbnNzaC1rZXktdjEAAAAABG5vbmUAAAAEbm9uZQAAAAAAAAABAAACFwAAAAdz\nc2gtcnNhAAAAAwEAAQAAAgEAqrjd8yy/7rXG/f269PD3SzYv4daw8ZY6UpVvRSkj\n9rWwqwbor+eFOk08UKfBMhvb/AC3XR84bXY+mIq4FjHs6vMDTaL58QfXoHUA3PO1\nPAu0xRpPGZg52nWxrOi82J2nlEvHzBuAtiY1lJM0lTXGySiVmwbF/u7nSnPL9HbL\nfvIQyeD6qhtBbkYFikLHzIzp9IgNfvlZWlgjuiQIQG7huWEEiZigi9bsvlG72dZf\nWav6PS4FVI6qZ8QqBcKFkAqcYsryfmx2NcRbV0OoevggECPq5bIiYD+44HbPm6M9\nyruTopZNOW9qn2O3ZjZaa+p5VVrBiJKq6b9U59b2Kw5gniG3xZSguOklwbPL/FYt\nO0yMCNNvFI9UPqSv5k+fPtvXxbdInx0//CCiAPFuvzhVyvl4h7zTNwFal9BtLjb8\naEfo6YgdzIcvD7RCKwc/aFptFtawgJSJ49fKjmqTlQ2J9Yp6bJnnud1XKR0GuwOR\nOBFmzy9438GdVeH6AphaGtHK1jKJi/57B3O8TSywSwPIRW3m4GQJ7bQ4ccEaG1bf\nWErdnzQlgofemgCsfrYc1yZyAQ99vHNv6UGyZrVP3gPKFFFogb/vjmsmabjoOqIh\nBq43PJkye/iirVzADRcVknrUyQ2i5CpFXwbTW+wJfgIz3K1t7WO6+xjzEllWXGe8\nPwMAAAc4a7xU1mu8VNYAAAAHc3NoLXJzYQAAAgEAqrjd8yy/7rXG/f269PD3SzYv\n4daw8ZY6UpVvRSkj9rWwqwbor+eFOk08UKfBMhvb/AC3XR84bXY+mIq4FjHs6vMD\nTaL58QfXoHUA3PO1PAu0xRpPGZg52nWxrOi82J2nlEvHzBuAtiY1lJM0lTXGySiV\nmwbF/u7nSnPL9HbLfvIQyeD6qhtBbkYFikLHzIzp9IgNfvlZWlgjuiQIQG7huWEE\niZigi9bsvlG72dZfWav6PS4FVI6qZ8QqBcKFkAqcYsryfmx2NcRbV0OoevggECPq\n5bIiYD+44HbPm6M9yruTopZNOW9qn2O3ZjZaa+p5VVrBiJKq6b9U59b2Kw5gniG3\nxZSguOklwbPL/FYtO0yMCNNvFI9UPqSv5k+fPtvXxbdInx0//CCiAPFuvzhVyvl4\nh7zTNwFal9BtLjb8aEfo6YgdzIcvD7RCKwc/aFptFtawgJSJ49fKjmqTlQ2J9Yp6\nbJnnud1XKR0GuwOROBFmzy9438GdVeH6AphaGtHK1jKJi/57B3O8TSywSwPIRW3m\n4GQJ7bQ4ccEaG1bfWErdnzQlgofemgCsfrYc1yZyAQ99vHNv6UGyZrVP3gPKFFFo\ngb/vjmsmabjoOqIhBq43PJkye/iirVzADRcVknrUyQ2i5CpFXwbTW+wJfgIz3K1t\n7WO6+xjzEllWXGe8PwMAAAADAQABAAACAFsl5GompDqglqOYyi5oUL+5KItdAo+Z\nc34QBp5YPrlDfBVz1NvFsl3USrWNOxqzwRmkkEGJn6jhjr4Gog5HjYRLRqI2t1c2\npqsmjNVq0IJEhbkOONkjaw/18mysvdaxJX2JkByrOmcFs2mlxlc7pOxVXLquPRvF\nFXuso2Hb4v3d45TFJ0+WybJEdETDLsVJHsfNs9bs7gXMNRb2kelEygMdhzynXmAK\n2c8q+C5vw+yuYyYy4empWdWY6A63MnQbFi+wxxM0eVBvi4zltJgizYuQgaMtHilh\nHCXLiUBBQYZx63rM4GIf2D9ND+fkcRZY03r8v4NZOyMdYgl9vWRzgqVLf9E5JVvy\nOq/mDVTGOuXg7cyDKHvn2iLXMRKtzwWfqbRg2IggctZpkWaVXhe7lzdNzbxZGk4c\nv+aiY0DV9+XZwd/TcOCTB/bvMZrh9ieCN9brVWQbX07qVhu1AprD3lBsAtxwA5Cb\n/SZE/lXnGCQnsUVgaaog4uwW/TyYdcaqqoA2FmcFkc/yU7FxhRk+1MnnvtEhqF/w\n3ifJSKpSJFDyP5pJb/9ROKlfkV7Z4RYQ2MqMPTAlDMPobV95t6R18Jh4rvzSxxII\nGL2UtTFI/kCpWJVhFs1WJssk2X9fEhJvUcEgelBA1q5b2HB1MYAtoLhcdJEYRFO2\nW0mU1zzZlQ3BAAABAQCsCGKr+vRjL2zc7Jk2yoenzVfCyek5i5QUi+KCkbg9DGs3\n29RMBH1UTacc9kP6X4HXpQUIr4oo2hxJsyO7PuI4NcjcORMRamqVPoLj9dginfDS\nrl7NVba90WEzua8ZgqGr3r7lEBvHWUZ0s5aiSavs4071ROG4xQxW4jfuUAUKPPwj\n7aRLNwUMANsVIqoKGwHLPrmr++e/SGzM5TtPm8yvHH4OGNNlzLAJ5FI+VU9c7qeA\nEnXQQhR4jC7wmE1w1sQgAEGz9pcyDgC1yRcm9Nlmku/k2ftrCjNuD1B0xMK/WLN3\nKr4PzVs2YWMtnrXeB3mEVcLoGyDlPQEx8bgOx8sFAAABAQDOr4y7lg0rRbH2Wl/f\nByhckpe5IUAOSlhZdDGQ3Q7Cp4uG1zYdyEZVo1kCq2FYWbd9fdh97Dtgz3bitEie\n6Tsl32sSglt7RJ/5GLzDikw6EAxdwfJ5X44Npq1q89bOK0HJT3she1PNswAJHR5P\no4keoKMfMk0Fg7QrMMpWdwlbO5wJz7oK/cIwEDuY4z8OV+FpGUax/10PgUtOjmr/\nh6ylC0TSbzDKwdV7hKvm/6jTmQmRV5N5pjl+54n/z4T2oTXSGERL8b0Tilq0lQi6\ne4pYmDGs8bdznbOIkmtrBg22Ykv3cey5ZfA5cr3ODqIubCHB93OH5KqiOrZyFhA9\nNO9TAAABAQDTdKU9fcOcWNMccfxQK2KGtW7QI1BtJwdAcxPLBeIWD9g/iY/L+4fB\nXiXxvkf1F8E2JOYghRh1504KDVVhG+JVNbea9Z+FVZtjApwGNopaKuaZU5VueVIT\nU2BiEiTGmRHxdgkF0dfOA98UM2YGQIKgf5NugMOAb0jhFGBpb8S9iM/GUOyn9q6a\nwRj8vjuWwA+GfOixuRQB1mpkM8c0zfQmHh4WTrqAFE46L8BZFi/YjisnSn2JYxMf\nikJej1wZG1wu7NBpWq+XLupSbc/dM7fzg6FV13PfHMJfkK3T6OCMZwNmJhMPIkB4\nmqJgv90xyf+Ra7HpJH9MVh16pBDeQ2uRAAAAAAEC\n-----END OPENSSH PRIVATE KEY-----\n",
            "private_key_pem": "-----BEGIN RSA PRIVATE KEY-----\nMIIJKQIBAAKCAgEAqrjd8yy/7rXG/f269PD3SzYv4daw8ZY6UpVvRSkj9rWwqwbo\nr+eFOk08UKfBMhvb/AC3XR84bXY+mIq4FjHs6vMDTaL58QfXoHUA3PO1PAu0xRpP\nGZg52nWxrOi82J2nlEvHzBuAtiY1lJM0lTXGySiVmwbF/u7nSnPL9HbLfvIQyeD6\nqhtBbkYFikLHzIzp9IgNfvlZWlgjuiQIQG7huWEEiZigi9bsvlG72dZfWav6PS4F\nVI6qZ8QqBcKFkAqcYsryfmx2NcRbV0OoevggECPq5bIiYD+44HbPm6M9yruTopZN\nOW9qn2O3ZjZaa+p5VVrBiJKq6b9U59b2Kw5gniG3xZSguOklwbPL/FYtO0yMCNNv\nFI9UPqSv5k+fPtvXxbdInx0//CCiAPFuvzhVyvl4h7zTNwFal9BtLjb8aEfo6Ygd\nzIcvD7RCKwc/aFptFtawgJSJ49fKjmqTlQ2J9Yp6bJnnud1XKR0GuwOROBFmzy94\n38GdVeH6AphaGtHK1jKJi/57B3O8TSywSwPIRW3m4GQJ7bQ4ccEaG1bfWErdnzQl\ngofemgCsfrYc1yZyAQ99vHNv6UGyZrVP3gPKFFFogb/vjmsmabjoOqIhBq43PJky\ne/iirVzADRcVknrUyQ2i5CpFXwbTW+wJfgIz3K1t7WO6+xjzEllWXGe8PwMCAwEA\nAQKCAgBbJeRqJqQ6oJajmMouaFC/uSiLXQKPmXN+EAaeWD65Q3wVc9TbxbJd1Eq1\njTsas8EZpJBBiZ+o4Y6+BqIOR42ES0aiNrdXNqarJozVatCCRIW5DjjZI2sP9fJs\nrL3WsSV9iZAcqzpnBbNppcZXO6TsVVy6rj0bxRV7rKNh2+L93eOUxSdPlsmyRHRE\nwy7FSR7HzbPW7O4FzDUW9pHpRMoDHYc8p15gCtnPKvgub8PsrmMmMuHpqVnVmOgO\ntzJ0GxYvsMcTNHlQb4uM5bSYIs2LkIGjLR4pYRwly4lAQUGGcet6zOBiH9g/TQ/n\n5HEWWNN6/L+DWTsjHWIJfb1kc4KlS3/ROSVb8jqv5g1Uxjrl4O3Mgyh759oi1zES\nrc8Fn6m0YNiIIHLWaZFmlV4Xu5c3Tc28WRpOHL/momNA1ffl2cHf03Dgkwf27zGa\n4fYngjfW61VkG19O6lYbtQKaw95QbALccAOQm/0mRP5V5xgkJ7FFYGmqIOLsFv08\nmHXGqqqANhZnBZHP8lOxcYUZPtTJ577RIahf8N4nyUiqUiRQ8j+aSW//UTipX5Fe\n2eEWENjKjD0wJQzD6G1febekdfCYeK780scSCBi9lLUxSP5AqViVYRbNVibLJNl/\nXxISb1HBIHpQQNauW9hwdTGALaC4XHSRGERTtltJlNc82ZUNwQKCAQEAzq+Mu5YN\nK0Wx9lpf3wcoXJKXuSFADkpYWXQxkN0OwqeLhtc2HchGVaNZAqthWFm3fX3Yfew7\nYM924rRInuk7Jd9rEoJbe0Sf+Ri8w4pMOhAMXcHyeV+ODaatavPWzitByU97IXtT\nzbMACR0eT6OJHqCjHzJNBYO0KzDKVncJWzucCc+6Cv3CMBA7mOM/DlfhaRlGsf9d\nD4FLTo5q/4espQtE0m8wysHVe4Sr5v+o05kJkVeTeaY5fueJ/8+E9qE10hhES/G9\nE4patJUIunuKWJgxrPG3c52ziJJrawYNtmJL93HsuWXwOXK9zg6iLmwhwfdzh+Sq\nojq2chYQPTTvUwKCAQEA03SlPX3DnFjTHHH8UCtihrVu0CNQbScHQHMTywXiFg/Y\nP4mPy/uHwV4l8b5H9RfBNiTmIIUYdedOCg1VYRviVTW3mvWfhVWbYwKcBjaKWirm\nmVOVbnlSE1NgYhIkxpkR8XYJBdHXzgPfFDNmBkCCoH+TboDDgG9I4RRgaW/EvYjP\nxlDsp/aumsEY/L47lsAPhnzosbkUAdZqZDPHNM30Jh4eFk66gBROOi/AWRYv2I4r\nJ0p9iWMTH4pCXo9cGRtcLuzQaVqvly7qUm3P3TO384OhVddz3xzCX5Ct0+jgjGcD\nZiYTDyJAeJqiYL/dMcn/kWux6SR/TFYdeqQQ3kNrkQKCAQArNL9yp1dxaExfd1z7\nPn/NekeFR9IgKqJ1cLi707o2LtgYA/0oFKm/VTpSOIlM8tRMw3XyPOPcxQHROmbD\n8XWP4Th80gtVpW7bn7Q2HD77FEfBgb2yaatEZ0dxSC/rQVerQZY31ZQbOAQV46Rm\neYU8hdATwWwgbvvG25gwowmtrLRdyLLXgVyKt5n9x+NymCRi2AnTQ9KsXxbjARqU\n+EO67LQiWWQVvpdmDsHwtBkSwrchTvFhSMJUKQrMExF0jRa3KKN+TLZ90zpK7ay5\nbwHoq0gXIyB6ZskVD6as5MMREVNYEtStnQWuvLG41Y5JrgkQhy37hm21JBjnmH0k\njmBJAoIBAQCt8Of0Wz3LoK2YWpNpByc3FIwhHsuL3mzysTb47M/7wfDq4yesbi5P\n/DhOUW4zyOSgu12qJpHmeu0RC8LN7PgTi+qKx73/GlqF6aGa4saQQXYLblwf0iCX\n0SAZzD8ANu4xqBzn8qQIzdp1bYphXjOV/xux7K3lOqXCsNZWJSC7oIz535us1xju\nKCV70qiF61taD+oCN/KjSFOgNY+Kelh5+pBZXU3BCfMHnjwljECzbM9GtNnrZ9pV\nOZA65ManyH/eAeO2pmiGfos2Xyp8FY0d/Yt7Z43jXG7v2b2D8a61EBAVuQA4lL5f\n9yPXXjyANl/KqcJhvCoTC0uYlNljXCZhAoIBAQCsCGKr+vRjL2zc7Jk2yoenzVfC\nyek5i5QUi+KCkbg9DGs329RMBH1UTacc9kP6X4HXpQUIr4oo2hxJsyO7PuI4Ncjc\nORMRamqVPoLj9dginfDSrl7NVba90WEzua8ZgqGr3r7lEBvHWUZ0s5aiSavs4071\nROG4xQxW4jfuUAUKPPwj7aRLNwUMANsVIqoKGwHLPrmr++e/SGzM5TtPm8yvHH4O\nGNNlzLAJ5FI+VU9c7qeAEnXQQhR4jC7wmE1w1sQgAEGz9pcyDgC1yRcm9Nlmku/k\n2ftrCjNuD1B0xMK/WLN3Kr4PzVs2YWMtnrXeB3mEVcLoGyDlPQEx8bgOx8sF\n-----END RSA PRIVATE KEY-----\n",
            "private_key_pem_pkcs8": "-----BEGIN PRIVATE KEY-----\nMIIJQwIBADANBgkqhkiG9w0BAQEFAASCCS0wggkpAgEAAoICAQCquN3zLL/utcb9\n/br08PdLNi/h1rDxljpSlW9FKSP2tbCrBuiv54U6TTxQp8EyG9v8ALddHzhtdj6Y\nirgWMezq8wNNovnxB9egdQDc87U8C7TFGk8ZmDnadbGs6LzYnaeUS8fMG4C2JjWU\nkzSVNcbJKJWbBsX+7udKc8v0dst+8hDJ4PqqG0FuRgWKQsfMjOn0iA1++VlaWCO6\nJAhAbuG5YQSJmKCL1uy+UbvZ1l9Zq/o9LgVUjqpnxCoFwoWQCpxiyvJ+bHY1xFtX\nQ6h6+CAQI+rlsiJgP7jgds+boz3Ku5Oilk05b2qfY7dmNlpr6nlVWsGIkqrpv1Tn\n1vYrDmCeIbfFlKC46SXBs8v8Vi07TIwI028Uj1Q+pK/mT58+29fFt0ifHT/8IKIA\n8W6/OFXK+XiHvNM3AVqX0G0uNvxoR+jpiB3Mhy8PtEIrBz9oWm0W1rCAlInj18qO\napOVDYn1inpsmee53VcpHQa7A5E4EWbPL3jfwZ1V4foCmFoa0crWMomL/nsHc7xN\nLLBLA8hFbebgZAnttDhxwRobVt9YSt2fNCWCh96aAKx+thzXJnIBD328c2/pQbJm\ntU/eA8oUUWiBv++OayZpuOg6oiEGrjc8mTJ7+KKtXMANFxWSetTJDaLkKkVfBtNb\n7Al+AjPcrW3tY7r7GPMSWVZcZ7w/AwIDAQABAoICAFsl5GompDqglqOYyi5oUL+5\nKItdAo+Zc34QBp5YPrlDfBVz1NvFsl3USrWNOxqzwRmkkEGJn6jhjr4Gog5HjYRL\nRqI2t1c2pqsmjNVq0IJEhbkOONkjaw/18mysvdaxJX2JkByrOmcFs2mlxlc7pOxV\nXLquPRvFFXuso2Hb4v3d45TFJ0+WybJEdETDLsVJHsfNs9bs7gXMNRb2kelEygMd\nhzynXmAK2c8q+C5vw+yuYyYy4empWdWY6A63MnQbFi+wxxM0eVBvi4zltJgizYuQ\ngaMtHilhHCXLiUBBQYZx63rM4GIf2D9ND+fkcRZY03r8v4NZOyMdYgl9vWRzgqVL\nf9E5JVvyOq/mDVTGOuXg7cyDKHvn2iLXMRKtzwWfqbRg2IggctZpkWaVXhe7lzdN\nzbxZGk4cv+aiY0DV9+XZwd/TcOCTB/bvMZrh9ieCN9brVWQbX07qVhu1AprD3lBs\nAtxwA5Cb/SZE/lXnGCQnsUVgaaog4uwW/TyYdcaqqoA2FmcFkc/yU7FxhRk+1Mnn\nvtEhqF/w3ifJSKpSJFDyP5pJb/9ROKlfkV7Z4RYQ2MqMPTAlDMPobV95t6R18Jh4\nrvzSxxIIGL2UtTFI/kCpWJVhFs1WJssk2X9fEhJvUcEgelBA1q5b2HB1MYAtoLhc\ndJEYRFO2W0mU1zzZlQ3BAoIBAQDOr4y7lg0rRbH2Wl/fByhckpe5IUAOSlhZdDGQ\n3Q7Cp4uG1zYdyEZVo1kCq2FYWbd9fdh97Dtgz3bitEie6Tsl32sSglt7RJ/5GLzD\nikw6EAxdwfJ5X44Npq1q89bOK0HJT3she1PNswAJHR5Po4keoKMfMk0Fg7QrMMpW\ndwlbO5wJz7oK/cIwEDuY4z8OV+FpGUax/10PgUtOjmr/h6ylC0TSbzDKwdV7hKvm\n/6jTmQmRV5N5pjl+54n/z4T2oTXSGERL8b0Tilq0lQi6e4pYmDGs8bdznbOIkmtr\nBg22Ykv3cey5ZfA5cr3ODqIubCHB93OH5KqiOrZyFhA9NO9TAoIBAQDTdKU9fcOc\nWNMccfxQK2KGtW7QI1BtJwdAcxPLBeIWD9g/iY/L+4fBXiXxvkf1F8E2JOYghRh1\n504KDVVhG+JVNbea9Z+FVZtjApwGNopaKuaZU5VueVITU2BiEiTGmRHxdgkF0dfO\nA98UM2YGQIKgf5NugMOAb0jhFGBpb8S9iM/GUOyn9q6awRj8vjuWwA+GfOixuRQB\n1mpkM8c0zfQmHh4WTrqAFE46L8BZFi/YjisnSn2JYxMfikJej1wZG1wu7NBpWq+X\nLupSbc/dM7fzg6FV13PfHMJfkK3T6OCMZwNmJhMPIkB4mqJgv90xyf+Ra7HpJH9M\nVh16pBDeQ2uRAoIBACs0v3KnV3FoTF93XPs+f816R4VH0iAqonVwuLvTujYu2BgD\n/SgUqb9VOlI4iUzy1EzDdfI849zFAdE6ZsPxdY/hOHzSC1WlbtuftDYcPvsUR8GB\nvbJpq0RnR3FIL+tBV6tBljfVlBs4BBXjpGZ5hTyF0BPBbCBu+8bbmDCjCa2stF3I\nsteBXIq3mf3H43KYJGLYCdND0qxfFuMBGpT4Q7rstCJZZBW+l2YOwfC0GRLCtyFO\n8WFIwlQpCswTEXSNFrcoo35Mtn3TOkrtrLlvAeirSBcjIHpmyRUPpqzkwxERU1gS\n1K2dBa68sbjVjkmuCRCHLfuGbbUkGOeYfSSOYEkCggEBAK3w5/RbPcugrZhak2kH\nJzcUjCEey4vebPKxNvjsz/vB8OrjJ6xuLk/8OE5RbjPI5KC7XaomkeZ67RELws3s\n+BOL6orHvf8aWoXpoZrixpBBdgtuXB/SIJfRIBnMPwA27jGoHOfypAjN2nVtimFe\nM5X/G7HsreU6pcKw1lYlILugjPnfm6zXGO4oJXvSqIXrW1oP6gI38qNIU6A1j4p6\nWHn6kFldTcEJ8weePCWMQLNsz0a02etn2lU5kDrkxqfIf94B47amaIZ+izZfKnwV\njR39i3tnjeNcbu/ZvYPxrrUQEBW5ADiUvl/3I9dePIA2X8qpwmG8KhMLS5iU2WNc\nJmECggEBAKwIYqv69GMvbNzsmTbKh6fNV8LJ6TmLlBSL4oKRuD0Mazfb1EwEfVRN\npxz2Q/pfgdelBQiviijaHEmzI7s+4jg1yNw5ExFqapU+guP12CKd8NKuXs1Vtr3R\nYTO5rxmCoavevuUQG8dZRnSzlqJJq+zjTvVE4bjFDFbiN+5QBQo8/CPtpEs3BQwA\n2xUiqgobAcs+uav7579IbMzlO0+bzK8cfg4Y02XMsAnkUj5VT1zup4ASddBCFHiM\nLvCYTXDWxCAAQbP2lzIOALXJFyb02WaS7+TZ+2sKM24PUHTEwr9Ys3cqvg/NWzZh\nYy2etd4HeYRVwugbIOU9ATHxuA7HywU=\n-----END PRIVATE KEY-----\n",
            "public_key_fingerprint_md5": "57:9a:c7:1d:18:8a:c6:f8:20:3c:a3:e3:78:d4:a0:d8",
            "public_key_fingerprint_sha256": "SHA256:TR++ipNawjwaRslEf3ctdTB5X3pXQzsLaeRz/2woC1w",
            "public_key_openssh": "ssh-rsa AAAAB3NzaC1yc2EAAAADAQABAAACAQCquN3zLL/utcb9/br08PdLNi/h1rDxljpSlW9FKSP2tbCrBuiv54U6TTxQp8EyG9v8ALddHzhtdj6YirgWMezq8wNNovnxB9egdQDc87U8C7TFGk8ZmDnadbGs6LzYnaeUS8fMG4C2JjWUkzSVNcbJKJWbBsX+7udKc8v0dst+8hDJ4PqqG0FuRgWKQsfMjOn0iA1++VlaWCO6JAhAbuG5YQSJmKCL1uy+UbvZ1l9Zq/o9LgVUjqpnxCoFwoWQCpxiyvJ+bHY1xFtXQ6h6+CAQI+rlsiJgP7jgds+boz3Ku5Oilk05b2qfY7dmNlpr6nlVWsGIkqrpv1Tn1vYrDmCeIbfFlKC46SXBs8v8Vi07TIwI028Uj1Q+pK/mT58+29fFt0ifHT/8IKIA8W6/OFXK+XiHvNM3AVqX0G0uNvxoR+jpiB3Mhy8PtEIrBz9oWm0W1rCAlInj18qOapOVDYn1inpsmee53VcpHQa7A5E4EWbPL3jfwZ1V4foCmFoa0crWMomL/nsHc7xNLLBLA8hFbebgZAnttDhxwRobVt9YSt2fNCWCh96aAKx+thzXJnIBD328c2/pQbJmtU/eA8oUUWiBv++OayZpuOg6oiEGrjc8mTJ7+KKtXMANFxWSetTJDaLkKkVfBtNb7Al+AjPcrW3tY7r7GPMSWVZcZ7w/Aw==\n",
            "public_key_pem": "-----BEGIN PUBLIC KEY-----\nMIICIjANBgkqhkiG9w0BAQEFAAOCAg8AMIICCgKCAgEAqrjd8yy/7rXG/f269PD3\nSzYv4daw8ZY6UpVvRSkj9rWwqwbor+eFOk08UKfBMhvb/AC3XR84bXY+mIq4FjHs\n6vMDTaL58QfXoHUA3PO1PAu0xRpPGZg52nWxrOi82J2nlEvHzBuAtiY1lJM0lTXG\nySiVmwbF/u7nSnPL9HbLfvIQyeD6qhtBbkYFikLHzIzp9IgNfvlZWlgjuiQIQG7h\nuWEEiZigi9bsvlG72dZfWav6PS4FVI6qZ8QqBcKFkAqcYsryfmx2NcRbV0Ooevgg\nECPq5bIiYD+44HbPm6M9yruTopZNOW9qn2O3ZjZaa+p5VVrBiJKq6b9U59b2Kw5g\nniG3xZSguOklwbPL/FYtO0yMCNNvFI9UPqSv5k+fPtvXxbdInx0//CCiAPFuvzhV\nyvl4h7zTNwFal9BtLjb8aEfo6YgdzIcvD7RCKwc/aFptFtawgJSJ49fKjmqTlQ2J\n9Yp6bJnnud1XKR0GuwOROBFmzy9438GdVeH6AphaGtHK1jKJi/57B3O8TSywSwPI\nRW3m4GQJ7bQ4ccEaG1bfWErdnzQlgofemgCsfrYc1yZyAQ99vHNv6UGyZrVP3gPK\nFFFogb/vjmsmabjoOqIhBq43PJkye/iirVzADRcVknrUyQ2i5CpFXwbTW+wJfgIz\n3K1t7WO6+xjzEllWXGe8PwMCAwEAAQ==\n-----END PUBLIC KEY-----\n",
            "rsa_bits": 4096
          },
          "sensitive_attributes": []
        }
      ]
    }
  ],
  "check_results": null
}
